
Microsoft Visual Studio Solution File, Format Version 12.00
# Visual Studio Version 16
VisualStudioVersion = 16.0.30204.135
MinimumVisualStudioVersion = 10.0.40219.1
Project("{FAE04EC0-301F-11D3-BF4B-00C04F79EFBC}") = "Balazs11", "Balazs11\Balazs11.csproj", "{BA2EAEBE-6AC9-4050-B56D-AD41E4C53815}"
EndProject
Global
	GlobalSection(SolutionConfigurationPlatforms) = preSolution
		Debug|Any CPU = Debug|Any CPU
		Release|Any CPU = Release|Any CPU
	EndGlobalSection
	GlobalSection(ProjectConfigurationPlatforms) = postSolution
		{BA2EAEBE-6AC9-4050-B56D-AD41E4C53815}.Debug|Any CPU.ActiveCfg = Debug|Any CPU
		{BA2EAEBE-6AC9-4050-B56D-AD41E4C53815}.Debug|Any CPU.Build.0 = Debug|Any CPU
		{BA2EAEBE-6AC9-4050-B56D-AD41E4C53815}.Release|Any CPU.ActiveCfg = Release|Any CPU
		{BA2EAEBE-6AC9-4050-B56D-AD41E4C53815}.Release|Any CPU.Build.0 = Release|Any CPU
	EndGlobalSection
	GlobalSection(SolutionProperties) = preSolution
		HideSolutionNode = FALSE
	EndGlobalSection
	GlobalSection(ExtensibilityGlobals) = postSolution
		SolutionGuid = {6DE2131C-0803-46F7-AB02-B27A3997304F}
	EndGlobalSection
EndGlobal
